
Microsoft Visual Studio Solution File, Format Version 12.00
# Visual Studio Version 16
VisualStudioVersion = 16.0.30204.135
MinimumVisualStudioVersion = 10.0.40219.1
Project("{FAE04EC0-301F-11D3-BF4B-00C04F79EFBC}") = "CrudMaster", "CrudMaster.csproj", "{73AE80BD-8E27-45C8-A432-F968235A7B45}"
EndProject
Global
	GlobalSection(SolutionConfigurationPlatforms) = preSolution
		Debug|Any CPU = Debug|Any CPU
		Release|Any CPU = Release|Any CPU
	EndGlobalSection
	GlobalSection(ProjectConfigurationPlatforms) = postSolution
		{73AE80BD-8E27-45C8-A432-F968235A7B45}.Debug|Any CPU.ActiveCfg = Debug|Any CPU
		{73AE80BD-8E27-45C8-A432-F968235A7B45}.Debug|Any CPU.Build.0 = Debug|Any CPU
		{73AE80BD-8E27-45C8-A432-F968235A7B45}.Release|Any CPU.ActiveCfg = Release|Any CPU
		{73AE80BD-8E27-45C8-A432-F968235A7B45}.Release|Any CPU.Build.0 = Release|Any CPU
	EndGlobalSection
	GlobalSection(SolutionProperties) = preSolution
		HideSolutionNode = FALSE
	EndGlobalSection
	GlobalSection(ExtensibilityGlobals) = postSolution
		SolutionGuid = {ED8907CB-860D-456D-B918-E4E17444AC16}
	EndGlobalSection
EndGlobal
